
Microsoft Visual Studio Solution File, Format Version 12.00
Project("{2150E333-8FDC-42A3-9474-1A3956D46DE8}") = "src", "src", "{35E8A741-D652-49FC-BE52-5774EBEE6112}"
EndProject
Project("{FAE04EC0-301F-11D3-BF4B-00C04F79EFBC}") = "Domain", "src\Domain\Domain.csproj", "{7DE97518-92D5-4BEB-A021-4327017B6B49}"
EndProject
Global
	GlobalSection(SolutionConfigurationPlatforms) = preSolution
		Debug|Any CPU = Debug|Any CPU
		Release|Any CPU = Release|Any CPU
	EndGlobalSection
	GlobalSection(NestedProjects) = preSolution
		{7DE97518-92D5-4BEB-A021-4327017B6B49} = {35E8A741-D652-49FC-BE52-5774EBEE6112}
	EndGlobalSection
	GlobalSection(ProjectConfigurationPlatforms) = postSolution
		{7DE97518-92D5-4BEB-A021-4327017B6B49}.Debug|Any CPU.ActiveCfg = Debug|Any CPU
		{7DE97518-92D5-4BEB-A021-4327017B6B49}.Debug|Any CPU.Build.0 = Debug|Any CPU
		{7DE97518-92D5-4BEB-A021-4327017B6B49}.Release|Any CPU.ActiveCfg = Release|Any CPU
		{7DE97518-92D5-4BEB-A021-4327017B6B49}.Release|Any CPU.Build.0 = Release|Any CPU
	EndGlobalSection
EndGlobal
