
Microsoft Visual Studio Solution File, Format Version 12.00
Project("{2150E333-8FDC-42A3-9474-1A3956D46DE8}") = "src", "src", "{35E8A741-D652-49FC-BE52-5774EBEE6112}"
EndProject
Project("{FAE04EC0-301F-11D3-BF4B-00C04F79EFBC}") = "Domain", "src\Domain\Domain.csproj", "{7DE97518-92D5-4BEB-A021-4327017B6B49}"
EndProject
Project("{FAE04EC0-301F-11D3-BF4B-00C04F79EFBC}") = "Application", "src\Application\Application.csproj", "{ED61DDBD-FE4C-450E-B8BD-382191BCEE80}"
EndProject
Project("{FAE04EC0-301F-11D3-BF4B-00C04F79EFBC}") = "Infrastructure", "src\Infrastructure\Infrastructure.csproj", "{01F029E6-D90A-4DD5-94BB-1EF7825F3613}"
EndProject
Project("{FAE04EC0-301F-11D3-BF4B-00C04F79EFBC}") = "CrossCutting", "src\CrossCutting\CrossCutting.csproj", "{6C042D89-A61E-4BFB-B7BB-E353A76EF16C}"
EndProject
Project("{FAE04EC0-301F-11D3-BF4B-00C04F79EFBC}") = "API", "src\API\API.csproj", "{84CB1239-8F49-418D-A2F5-BBCAAFF439F9}"
EndProject
Global
	GlobalSection(SolutionConfigurationPlatforms) = preSolution
		Debug|Any CPU = Debug|Any CPU
		Release|Any CPU = Release|Any CPU
	EndGlobalSection
	GlobalSection(NestedProjects) = preSolution
		{7DE97518-92D5-4BEB-A021-4327017B6B49} = {35E8A741-D652-49FC-BE52-5774EBEE6112}
		{ED61DDBD-FE4C-450E-B8BD-382191BCEE80} = {35E8A741-D652-49FC-BE52-5774EBEE6112}
		{01F029E6-D90A-4DD5-94BB-1EF7825F3613} = {35E8A741-D652-49FC-BE52-5774EBEE6112}
		{6C042D89-A61E-4BFB-B7BB-E353A76EF16C} = {35E8A741-D652-49FC-BE52-5774EBEE6112}
		{84CB1239-8F49-418D-A2F5-BBCAAFF439F9} = {35E8A741-D652-49FC-BE52-5774EBEE6112}
	EndGlobalSection
	GlobalSection(ProjectConfigurationPlatforms) = postSolution
		{7DE97518-92D5-4BEB-A021-4327017B6B49}.Debug|Any CPU.ActiveCfg = Debug|Any CPU
		{7DE97518-92D5-4BEB-A021-4327017B6B49}.Debug|Any CPU.Build.0 = Debug|Any CPU
		{7DE97518-92D5-4BEB-A021-4327017B6B49}.Release|Any CPU.ActiveCfg = Release|Any CPU
		{7DE97518-92D5-4BEB-A021-4327017B6B49}.Release|Any CPU.Build.0 = Release|Any CPU
		{ED61DDBD-FE4C-450E-B8BD-382191BCEE80}.Debug|Any CPU.ActiveCfg = Debug|Any CPU
		{ED61DDBD-FE4C-450E-B8BD-382191BCEE80}.Debug|Any CPU.Build.0 = Debug|Any CPU
		{ED61DDBD-FE4C-450E-B8BD-382191BCEE80}.Release|Any CPU.ActiveCfg = Release|Any CPU
		{ED61DDBD-FE4C-450E-B8BD-382191BCEE80}.Release|Any CPU.Build.0 = Release|Any CPU
		{01F029E6-D90A-4DD5-94BB-1EF7825F3613}.Debug|Any CPU.ActiveCfg = Debug|Any CPU
		{01F029E6-D90A-4DD5-94BB-1EF7825F3613}.Debug|Any CPU.Build.0 = Debug|Any CPU
		{01F029E6-D90A-4DD5-94BB-1EF7825F3613}.Release|Any CPU.ActiveCfg = Release|Any CPU
		{01F029E6-D90A-4DD5-94BB-1EF7825F3613}.Release|Any CPU.Build.0 = Release|Any CPU
		{6C042D89-A61E-4BFB-B7BB-E353A76EF16C}.Debug|Any CPU.ActiveCfg = Debug|Any CPU
		{6C042D89-A61E-4BFB-B7BB-E353A76EF16C}.Debug|Any CPU.Build.0 = Debug|Any CPU
		{6C042D89-A61E-4BFB-B7BB-E353A76EF16C}.Release|Any CPU.ActiveCfg = Release|Any CPU
		{6C042D89-A61E-4BFB-B7BB-E353A76EF16C}.Release|Any CPU.Build.0 = Release|Any CPU
		{84CB1239-8F49-418D-A2F5-BBCAAFF439F9}.Debug|Any CPU.ActiveCfg = Debug|Any CPU
		{84CB1239-8F49-418D-A2F5-BBCAAFF439F9}.Debug|Any CPU.Build.0 = Debug|Any CPU
		{84CB1239-8F49-418D-A2F5-BBCAAFF439F9}.Release|Any CPU.ActiveCfg = Release|Any CPU
		{84CB1239-8F49-418D-A2F5-BBCAAFF439F9}.Release|Any CPU.Build.0 = Release|Any CPU
	EndGlobalSection
EndGlobal
